
Microsoft Visual Studio Solution File, Format Version 12.00
# Visual Studio Version 16
VisualStudioVersion = 16.0.29709.97
MinimumVisualStudioVersion = 15.0.26124.0
Project("{9A19103F-16F7-4668-BE54-9A1E7A4F7556}") = "HelloWorldClient", "HelloWorldClient\HelloWorldClient.csproj", "{B618C5C4-78B0-401D-A720-79D0B0429759}"
EndProject
Project("{9A19103F-16F7-4668-BE54-9A1E7A4F7556}") = "HelloWorldAPI", "HelloWorldAPI\HelloWorldAPI.csproj", "{262E288E-C7D3-43BE-BAE4-3F712D1ABB64}"
EndProject
Project("{9A19103F-16F7-4668-BE54-9A1E7A4F7556}") = "HelloWorldTests", "HelloWorldTests\HelloWorldTests.csproj", "{134F39C6-E5A5-4D27-899F-1B2F7C9EABD5}"
EndProject
Global
	GlobalSection(SolutionConfigurationPlatforms) = preSolution
		Debug|Any CPU = Debug|Any CPU
		Debug|x64 = Debug|x64
		Debug|x86 = Debug|x86
		Release|Any CPU = Release|Any CPU
		Release|x64 = Release|x64
		Release|x86 = Release|x86
	EndGlobalSection
	GlobalSection(ProjectConfigurationPlatforms) = postSolution
		{B618C5C4-78B0-401D-A720-79D0B0429759}.Debug|Any CPU.ActiveCfg = Debug|Any CPU
		{B618C5C4-78B0-401D-A720-79D0B0429759}.Debug|Any CPU.Build.0 = Debug|Any CPU
		{B618C5C4-78B0-401D-A720-79D0B0429759}.Debug|x64.ActiveCfg = Debug|Any CPU
		{B618C5C4-78B0-401D-A720-79D0B0429759}.Debug|x64.Build.0 = Debug|Any CPU
		{B618C5C4-78B0-401D-A720-79D0B0429759}.Debug|x86.ActiveCfg = Debug|Any CPU
		{B618C5C4-78B0-401D-A720-79D0B0429759}.Debug|x86.Build.0 = Debug|Any CPU
		{B618C5C4-78B0-401D-A720-79D0B0429759}.Release|Any CPU.ActiveCfg = Release|Any CPU
		{B618C5C4-78B0-401D-A720-79D0B0429759}.Release|Any CPU.Build.0 = Release|Any CPU
		{B618C5C4-78B0-401D-A720-79D0B0429759}.Release|x64.ActiveCfg = Release|Any CPU
		{B618C5C4-78B0-401D-A720-79D0B0429759}.Release|x64.Build.0 = Release|Any CPU
		{B618C5C4-78B0-401D-A720-79D0B0429759}.Release|x86.ActiveCfg = Release|Any CPU
		{B618C5C4-78B0-401D-A720-79D0B0429759}.Release|x86.Build.0 = Release|Any CPU
		{262E288E-C7D3-43BE-BAE4-3F712D1ABB64}.Debug|Any CPU.ActiveCfg = Debug|Any CPU
		{262E288E-C7D3-43BE-BAE4-3F712D1ABB64}.Debug|Any CPU.Build.0 = Debug|Any CPU
		{262E288E-C7D3-43BE-BAE4-3F712D1ABB64}.Debug|x64.ActiveCfg = Debug|Any CPU
		{262E288E-C7D3-43BE-BAE4-3F712D1ABB64}.Debug|x64.Build.0 = Debug|Any CPU
		{262E288E-C7D3-43BE-BAE4-3F712D1ABB64}.Debug|x86.ActiveCfg = Debug|Any CPU
		{262E288E-C7D3-43BE-BAE4-3F712D1ABB64}.Debug|x86.Build.0 = Debug|Any CPU
		{262E288E-C7D3-43BE-BAE4-3F712D1ABB64}.Release|Any CPU.ActiveCfg = Release|Any CPU
		{262E288E-C7D3-43BE-BAE4-3F712D1ABB64}.Release|Any CPU.Build.0 = Release|Any CPU
		{262E288E-C7D3-43BE-BAE4-3F712D1ABB64}.Release|x64.ActiveCfg = Release|Any CPU
		{262E288E-C7D3-43BE-BAE4-3F712D1ABB64}.Release|x64.Build.0 = Release|Any CPU
		{262E288E-C7D3-43BE-BAE4-3F712D1ABB64}.Release|x86.ActiveCfg = Release|Any CPU
		{262E288E-C7D3-43BE-BAE4-3F712D1ABB64}.Release|x86.Build.0 = Release|Any CPU
		{134F39C6-E5A5-4D27-899F-1B2F7C9EABD5}.Debug|Any CPU.ActiveCfg = Debug|Any CPU
		{134F39C6-E5A5-4D27-899F-1B2F7C9EABD5}.Debug|Any CPU.Build.0 = Debug|Any CPU
		{134F39C6-E5A5-4D27-899F-1B2F7C9EABD5}.Debug|x64.ActiveCfg = Debug|Any CPU
		{134F39C6-E5A5-4D27-899F-1B2F7C9EABD5}.Debug|x64.Build.0 = Debug|Any CPU
		{134F39C6-E5A5-4D27-899F-1B2F7C9EABD5}.Debug|x86.ActiveCfg = Debug|Any CPU
		{134F39C6-E5A5-4D27-899F-1B2F7C9EABD5}.Debug|x86.Build.0 = Debug|Any CPU
		{134F39C6-E5A5-4D27-899F-1B2F7C9EABD5}.Release|Any CPU.ActiveCfg = Release|Any CPU
		{134F39C6-E5A5-4D27-899F-1B2F7C9EABD5}.Release|Any CPU.Build.0 = Release|Any CPU
		{134F39C6-E5A5-4D27-899F-1B2F7C9EABD5}.Release|x64.ActiveCfg = Release|Any CPU
		{134F39C6-E5A5-4D27-899F-1B2F7C9EABD5}.Release|x64.Build.0 = Release|Any CPU
		{134F39C6-E5A5-4D27-899F-1B2F7C9EABD5}.Release|x86.ActiveCfg = Release|Any CPU
		{134F39C6-E5A5-4D27-899F-1B2F7C9EABD5}.Release|x86.Build.0 = Release|Any CPU
	EndGlobalSection
	GlobalSection(SolutionProperties) = preSolution
		HideSolutionNode = FALSE
	EndGlobalSection
	GlobalSection(ExtensibilityGlobals) = postSolution
		SolutionGuid = {00A50867-B5AE-490F-B105-8373EE13C39D}
	EndGlobalSection
EndGlobal
